
Microsoft Visual Studio Solution File, Format Version 12.00
# Visual Studio 14
VisualStudioVersion = 14.0.25420.1
MinimumVisualStudioVersion = 10.0.40219.1
Project("{FAE04EC0-301F-11D3-BF4B-00C04F79EFBC}") = "KKKPr", "KKKPr\KKKPr.csproj", "{A8B0A674-BCA0-48ED-A9F9-0311B46D26A7}"
EndProject
Project("{FAE04EC0-301F-11D3-BF4B-00C04F79EFBC}") = "PrTest", "PrTest\PrTest.csproj", "{B30045CB-C56B-4908-BF42-FB5CD86156B3}"
EndProject
Global
	GlobalSection(SolutionConfigurationPlatforms) = preSolution
		Debug|Any CPU = Debug|Any CPU
		Release|Any CPU = Release|Any CPU
	EndGlobalSection
	GlobalSection(ProjectConfigurationPlatforms) = postSolution
		{A8B0A674-BCA0-48ED-A9F9-0311B46D26A7}.Debug|Any CPU.ActiveCfg = Debug|Any CPU
		{A8B0A674-BCA0-48ED-A9F9-0311B46D26A7}.Debug|Any CPU.Build.0 = Debug|Any CPU
		{A8B0A674-BCA0-48ED-A9F9-0311B46D26A7}.Release|Any CPU.ActiveCfg = Release|Any CPU
		{A8B0A674-BCA0-48ED-A9F9-0311B46D26A7}.Release|Any CPU.Build.0 = Release|Any CPU
		{B30045CB-C56B-4908-BF42-FB5CD86156B3}.Debug|Any CPU.ActiveCfg = Debug|Any CPU
		{B30045CB-C56B-4908-BF42-FB5CD86156B3}.Debug|Any CPU.Build.0 = Debug|Any CPU
		{B30045CB-C56B-4908-BF42-FB5CD86156B3}.Release|Any CPU.ActiveCfg = Release|Any CPU
		{B30045CB-C56B-4908-BF42-FB5CD86156B3}.Release|Any CPU.Build.0 = Release|Any CPU
	EndGlobalSection
	GlobalSection(SolutionProperties) = preSolution
		HideSolutionNode = FALSE
	EndGlobalSection
EndGlobal
